<?xml version="1.0" encoding="UTF-8"?>
<!DOCTYPE plist PUBLIC "-//Apple//DTD PLIST 1.0//EN" "http://www.apple.com/DTDs/PropertyList-1.0.dtd">
<plist version="1.0">
<dict>
	<key>archiveVersion</key>
	<string>1</string>
	<key>classes</key>
	<dict/>
	<key>objectVersion</key>
	<string>46</string>
	<key>objects</key>
	<dict>
		<key>0B1531232F2ABEC108B1F252</key>
		<dict>
			<key>buildActionMask</key>
			<string>2147483647</string>
			<key>files</key>
			<array/>
			<key>inputPaths</key>
			<array/>
			<key>isa</key>
			<string>PBXShellScriptBuildPhase</string>
			<key>name</key>
			<string>[CP] Check Pods Manifest.lock</string>
			<key>outputPaths</key>
			<array/>
			<key>runOnlyForDeploymentPostprocessing</key>
			<string>0</string>
			<key>shellPath</key>
			<string>/bin/sh</string>
			<key>shellScript</key>
			<string>diff "${PODS_ROOT}/../Podfile.lock" "${PODS_ROOT}/Manifest.lock" &gt; /dev/null
if [[ $? != 0 ]] ; then
    cat &lt;&lt; EOM
error: The sandbox is not in sync with the Podfile.lock. Run 'pod install' or update your CocoaPods installation.
EOM
    exit 1
fi
</string>
			<key>showEnvVarsInLog</key>
			<string>0</string>
		</dict>
		<key>0DD5EF0C451659CF755859D0</key>
		<dict>
			<key>buildActionMask</key>
			<string>2147483647</string>
			<key>files</key>
			<array/>
			<key>inputPaths</key>
			<array/>
			<key>isa</key>
			<string>PBXShellScriptBuildPhase</string>
			<key>name</key>
			<string>[CP] Check Pods Manifest.lock</string>
			<key>outputPaths</key>
			<array/>
			<key>runOnlyForDeploymentPostprocessing</key>
			<string>0</string>
			<key>shellPath</key>
			<string>/bin/sh</string>
			<key>shellScript</key>
			<string>diff "${PODS_ROOT}/../Podfile.lock" "${PODS_ROOT}/Manifest.lock" &gt; /dev/null
if [[ $? != 0 ]] ; then
    cat &lt;&lt; EOM
error: The sandbox is not in sync with the Podfile.lock. Run 'pod install' or update your CocoaPods installation.
EOM
    exit 1
fi
</string>
			<key>showEnvVarsInLog</key>
			<string>0</string>
		</dict>
		<key>10EE0C736EC074AE640D49E9</key>
		<dict>
			<key>includeInIndex</key>
			<string>1</string>
			<key>isa</key>
			<string>PBXFileReference</string>
			<key>lastKnownFileType</key>
			<string>text.xcconfig</string>
			<key>name</key>
			<string>Pods-Ordinem_iOSUITests.debug.xcconfig</string>
			<key>path</key>
			<string>Pods/Target Support Files/Pods-Ordinem_iOSUITests/Pods-Ordinem_iOSUITests.debug.xcconfig</string>
			<key>sourceTree</key>
			<string>&lt;group&gt;</string>
		</dict>
		<key>180DF19E1E3555EE00C6A534</key>
		<dict>
			<key>fileEncoding</key>
			<string>4</string>
			<key>isa</key>
			<string>PBXFileReference</string>
			<key>lastKnownFileType</key>
			<string>sourcecode.swift</string>
			<key>path</key>
			<string>newReward.swift</string>
			<key>sourceTree</key>
			<string>&lt;group&gt;</string>
		</dict>
		<key>180DF19F1E3555EE00C6A534</key>
		<dict>
			<key>fileRef</key>
			<string>180DF19E1E3555EE00C6A534</string>
			<key>isa</key>
			<string>PBXBuildFile</string>
		</dict>
		<key>180DF1A21E35C06500C6A534</key>
		<dict>
			<key>fileEncoding</key>
			<string>4</string>
			<key>isa</key>
			<string>PBXFileReference</string>
			<key>lastKnownFileType</key>
			<string>sourcecode.swift</string>
			<key>path</key>
			<string>addPoints.swift</string>
			<key>sourceTree</key>
			<string>&lt;group&gt;</string>
		</dict>
		<key>180DF1A31E35C06500C6A534</key>
		<dict>
			<key>fileRef</key>
			<string>180DF1A21E35C06500C6A534</string>
			<key>isa</key>
			<string>PBXBuildFile</string>
		</dict>
		<key>180DF1A41E35CC0500C6A534</key>
		<dict>
			<key>fileEncoding</key>
			<string>4</string>
			<key>isa</key>
			<string>PBXFileReference</string>
			<key>lastKnownFileType</key>
			<string>sourcecode.swift</string>
			<key>path</key>
			<string>pantherBucksRewards.swift</string>
			<key>sourceTree</key>
			<string>&lt;group&gt;</string>
		</dict>
		<key>180DF1A51E35CC0500C6A534</key>
		<dict>
			<key>fileRef</key>
			<string>180DF1A41E35CC0500C6A534</string>
			<key>isa</key>
			<string>PBXBuildFile</string>
		</dict>
		<key>180DF1A61E35CD2600C6A534</key>
		<dict>
			<key>fileEncoding</key>
			<string>4</string>
			<key>isa</key>
			<string>PBXFileReference</string>
			<key>lastKnownFileType</key>
			<string>sourcecode.swift</string>
			<key>path</key>
			<string>otherRewards.swift</string>
			<key>sourceTree</key>
			<string>&lt;group&gt;</string>
		</dict>
		<key>180DF1A71E35CD2600C6A534</key>
		<dict>
			<key>fileRef</key>
			<string>180DF1A61E35CD2600C6A534</string>
			<key>isa</key>
			<string>PBXBuildFile</string>
		</dict>
		<key>181E51FF1E2FE4B5006859CA</key>
		<dict>
			<key>fileEncoding</key>
			<string>4</string>
			<key>isa</key>
			<string>PBXFileReference</string>
			<key>lastKnownFileType</key>
			<string>sourcecode.swift</string>
			<key>path</key>
			<string>SignUp.swift</string>
			<key>sourceTree</key>
			<string>&lt;group&gt;</string>
		</dict>
		<key>181E52001E2FE4B5006859CA</key>
		<dict>
			<key>fileRef</key>
			<string>181E51FF1E2FE4B5006859CA</string>
			<key>isa</key>
			<string>PBXBuildFile</string>
		</dict>
		<key>181E52011E308DAB006859CA</key>
		<dict>
			<key>isa</key>
			<string>PBXFileReference</string>
			<key>lastKnownFileType</key>
			<string>image.png</string>
			<key>name</key>
			<string>camera.png</string>
			<key>path</key>
			<string>../camera.png</string>
			<key>sourceTree</key>
			<string>&lt;group&gt;</string>
		</dict>
		<key>181E52041E309F37006859CA</key>
		<dict>
			<key>fileEncoding</key>
			<string>4</string>
			<key>isa</key>
			<string>PBXFileReference</string>
			<key>lastKnownFileType</key>
			<string>sourcecode.swift</string>
			<key>path</key>
			<string>eventTemp.swift</string>
			<key>sourceTree</key>
			<string>&lt;group&gt;</string>
		</dict>
		<key>181E52051E309F37006859CA</key>
		<dict>
			<key>fileRef</key>
			<string>181E52041E309F37006859CA</string>
			<key>isa</key>
			<string>PBXBuildFile</string>
		</dict>
		<key>181E52061E31498D006859CA</key>
		<dict>
			<key>isa</key>
			<string>PBXFileReference</string>
			<key>lastKnownFileType</key>
			<string>image.jpeg</string>
			<key>name</key>
			<string>PersonOrdinem.jpg</string>
			<key>path</key>
			<string>../PersonOrdinem.jpg</string>
			<key>sourceTree</key>
			<string>&lt;group&gt;</string>
		</dict>
		<key>181E52071E31498D006859CA</key>
		<dict>
			<key>fileRef</key>
			<string>181E52061E31498D006859CA</string>
			<key>isa</key>
			<string>PBXBuildFile</string>
		</dict>
		<key>181E520A1E314E83006859CA</key>
		<dict>
			<key>isa</key>
			<string>PBXFileReference</string>
			<key>lastKnownFileType</key>
			<string>image.png</string>
			<key>name</key>
			<string>HouseOrdinem c.png</string>
			<key>path</key>
			<string>../HouseOrdinem c.png</string>
			<key>sourceTree</key>
			<string>&lt;group&gt;</string>
		</dict>
		<key>181E520B1E314E83006859CA</key>
		<dict>
			<key>fileRef</key>
			<string>181E520A1E314E83006859CA</string>
			<key>isa</key>
			<string>PBXBuildFile</string>
		</dict>
		<key>181E520C1E32C391006859CA</key>
		<dict>
			<key>fileEncoding</key>
			<string>4</string>
			<key>isa</key>
			<string>PBXFileReference</string>
			<key>lastKnownFileType</key>
			<string>sourcecode.swift</string>
			<key>path</key>
			<string>sSignUp.swift</string>
			<key>sourceTree</key>
			<string>&lt;group&gt;</string>
		</dict>
		<key>181E520D1E32C391006859CA</key>
		<dict>
			<key>fileRef</key>
			<string>181E520C1E32C391006859CA</string>
			<key>isa</key>
			<string>PBXBuildFile</string>
		</dict>
		<key>181E520E1E3305E4006859CA</key>
		<dict>
			<key>isa</key>
			<string>PBXFileReference</string>
			<key>lastKnownFileType</key>
			<string>image.png</string>
			<key>name</key>
			<string>ChapmanLogo.png</string>
			<key>path</key>
			<string>../ChapmanLogo.png</string>
			<key>sourceTree</key>
			<string>&lt;group&gt;</string>
		</dict>
		<key>181E520F1E3305E4006859CA</key>
		<dict>
			<key>fileRef</key>
			<string>181E520E1E3305E4006859CA</string>
			<key>isa</key>
			<string>PBXBuildFile</string>
		</dict>
		<key>18A5319A1E36C3E9003686D2</key>
		<dict>
			<key>children</key>
			<array>
				<string>18C6589C1E373484000896BE</string>
				<string>18C6589E1E3735BD000896BE</string>
				<string>18C6589A1E372BDC000896BE</string>
				<string>386DB3F01E28791300F8FF7D</string>
				<string>386DB3ED1E28785E00F8FF7D</string>
				<string>181E52011E308DAB006859CA</string>
				<string>382225C41E315BC9005CC3D5</string>
				<string>382225C61E315E9D005CC3D5</string>
				<string>386C2BAA1DFE6F0500F15658</string>
				<string>386C2BA61DFE6A1F00F15658</string>
				<string>386C2BA41DFE651800F15658</string>
				<string>386C2BA21DFE64E300F15658</string>
				<string>386C2BA01DFE64DD00F15658</string>
				<string>386C2B9E1DFE64D300F15658</string>
				<string>386C2B9C1DFE64C200F15658</string>
				<string>181E52061E31498D006859CA</string>
				<string>181E520A1E314E83006859CA</string>
				<string>181E520E1E3305E4006859CA</string>
				<string>386C2BA81DFE6AFF00F15658</string>
				<string>18C658A01E37C6FA000896BE</string>
			</array>
			<key>isa</key>
			<string>PBXGroup</string>
			<key>name</key>
			<string>Images</string>
			<key>path</key>
			<string>PlistManager files</string>
			<key>sourceTree</key>
			<string>&lt;group&gt;</string>
		</dict>
		<key>18C6589A1E372BDC000896BE</key>
		<dict>
			<key>isa</key>
			<string>PBXFileReference</string>
			<key>lastKnownFileType</key>
			<string>image.png</string>
			<key>path</key>
			<string>Prize.png</string>
			<key>sourceTree</key>
			<string>&lt;group&gt;</string>
		</dict>
		<key>18C6589B1E372BDC000896BE</key>
		<dict>
			<key>fileRef</key>
			<string>18C6589A1E372BDC000896BE</string>
			<key>isa</key>
			<string>PBXBuildFile</string>
		</dict>
		<key>18C6589C1E373484000896BE</key>
		<dict>
			<key>isa</key>
			<string>PBXFileReference</string>
			<key>lastKnownFileType</key>
			<string>image.png</string>
			<key>path</key>
			<string>ticket.png</string>
			<key>sourceTree</key>
			<string>&lt;group&gt;</string>
		</dict>
		<key>18C6589D1E373484000896BE</key>
		<dict>
			<key>fileRef</key>
			<string>18C6589C1E373484000896BE</string>
			<key>isa</key>
			<string>PBXBuildFile</string>
		</dict>
		<key>18C6589E1E3735BD000896BE</key>
		<dict>
			<key>isa</key>
			<string>PBXFileReference</string>
			<key>lastKnownFileType</key>
			<string>image.png</string>
			<key>path</key>
			<string>gift.png</string>
			<key>sourceTree</key>
			<string>&lt;group&gt;</string>
		</dict>
		<key>18C6589F1E3735BD000896BE</key>
		<dict>
			<key>fileRef</key>
			<string>18C6589E1E3735BD000896BE</string>
			<key>isa</key>
			<string>PBXBuildFile</string>
		</dict>
		<key>18C658A01E37C6FA000896BE</key>
		<dict>
			<key>isa</key>
			<string>PBXFileReference</string>
			<key>lastKnownFileType</key>
			<string>image.png</string>
			<key>path</key>
			<string>settings.png</string>
			<key>sourceTree</key>
			<string>&lt;group&gt;</string>
		</dict>
		<key>18C658A11E37C6FA000896BE</key>
		<dict>
			<key>fileRef</key>
			<string>18C658A01E37C6FA000896BE</string>
			<key>isa</key>
			<string>PBXBuildFile</string>
		</dict>
		<key>18C658A21E37E8FC000896BE</key>
		<dict>
			<key>fileEncoding</key>
			<string>4</string>
			<key>isa</key>
			<string>PBXFileReference</string>
			<key>lastKnownFileType</key>
			<string>sourcecode.swift</string>
			<key>path</key>
			<string>Settings.swift</string>
			<key>sourceTree</key>
			<string>&lt;group&gt;</string>
		</dict>
		<key>18C658A31E37E8FC000896BE</key>
		<dict>
			<key>fileRef</key>
			<string>18C658A21E37E8FC000896BE</string>
			<key>isa</key>
			<string>PBXBuildFile</string>
		</dict>
		<key>18C658A41E381E50000896BE</key>
		<dict>
			<key>fileEncoding</key>
			<string>4</string>
			<key>isa</key>
			<string>PBXFileReference</string>
			<key>lastKnownFileType</key>
			<string>sourcecode.swift</string>
			<key>path</key>
			<string>EventConfirmation.swift</string>
			<key>sourceTree</key>
			<string>&lt;group&gt;</string>
		</dict>
		<key>18C658A51E381E50000896BE</key>
		<dict>
			<key>fileRef</key>
			<string>18C658A41E381E50000896BE</string>
			<key>isa</key>
			<string>PBXBuildFile</string>
		</dict>
		<key>2B6FE5E1754F995E8CD83925</key>
		<dict>
			<key>includeInIndex</key>
			<string>1</string>
			<key>isa</key>
			<string>PBXFileReference</string>
			<key>lastKnownFileType</key>
			<string>text.xcconfig</string>
			<key>name</key>
			<string>Pods-Ordinem_iOSTests.debug.xcconfig</string>
			<key>path</key>
			<string>Pods/Target Support Files/Pods-Ordinem_iOSTests/Pods-Ordinem_iOSTests.debug.xcconfig</string>
			<key>sourceTree</key>
			<string>&lt;group&gt;</string>
		</dict>
		<key>2E747F188CC80A63C5BD9C3D</key>
		<dict>
			<key>includeInIndex</key>
			<string>1</string>
			<key>isa</key>
			<string>PBXFileReference</string>
			<key>lastKnownFileType</key>
			<string>text.xcconfig</string>
			<key>name</key>
			<string>Pods-Ordinem_iOS.release.xcconfig</string>
			<key>path</key>
			<string>Pods/Target Support Files/Pods-Ordinem_iOS/Pods-Ordinem_iOS.release.xcconfig</string>
			<key>sourceTree</key>
			<string>&lt;group&gt;</string>
		</dict>
		<key>340937569364D3D1BD538C32</key>
		<dict>
			<key>includeInIndex</key>
			<string>1</string>
			<key>isa</key>
			<string>PBXFileReference</string>
			<key>lastKnownFileType</key>
			<string>text.xcconfig</string>
			<key>name</key>
			<string>Pods-Ordinem_iOSUITests.release.xcconfig</string>
			<key>path</key>
			<string>Pods/Target Support Files/Pods-Ordinem_iOSUITests/Pods-Ordinem_iOSUITests.release.xcconfig</string>
			<key>sourceTree</key>
			<string>&lt;group&gt;</string>
		</dict>
		<key>381F3E081E0733D9002366A8</key>
		<dict>
			<key>children</key>
			<array>
				<string>381F3E091E0733D9002366A8</string>
			</array>
			<key>isa</key>
			<string>PBXGroup</string>
			<key>path</key>
			<string>PlistManager files</string>
			<key>sourceTree</key>
			<string>&lt;group&gt;</string>
		</dict>
		<key>381F3E091E0733D9002366A8</key>
		<dict>
			<key>fileEncoding</key>
			<string>4</string>
			<key>isa</key>
			<string>PBXFileReference</string>
			<key>lastKnownFileType</key>
			<string>text.plist.xml</string>
			<key>path</key>
			<string>MyData.plist</string>
			<key>sourceTree</key>
			<string>&lt;group&gt;</string>
		</dict>
		<key>381F3E0A1E0733D9002366A8</key>
		<dict>
			<key>fileEncoding</key>
			<string>4</string>
			<key>isa</key>
			<string>PBXFileReference</string>
			<key>lastKnownFileType</key>
			<string>sourcecode.swift</string>
			<key>name</key>
			<string>PlistManager.swift</string>
			<key>path</key>
			<string>PlistManager files/PlistManager.swift</string>
			<key>sourceTree</key>
			<string>&lt;group&gt;</string>
		</dict>
		<key>381F3E0B1E0733D9002366A8</key>
		<dict>
			<key>fileRef</key>
			<string>381F3E091E0733D9002366A8</string>
			<key>isa</key>
			<string>PBXBuildFile</string>
		</dict>
		<key>381F3E0C1E0733D9002366A8</key>
		<dict>
			<key>fileRef</key>
			<string>381F3E0A1E0733D9002366A8</string>
			<key>isa</key>
			<string>PBXBuildFile</string>
		</dict>
		<key>381F3E0D1E07780E002366A8</key>
		<dict>
			<key>fileEncoding</key>
			<string>4</string>
			<key>isa</key>
			<string>PBXFileReference</string>
			<key>lastKnownFileType</key>
			<string>sourcecode.swift</string>
			<key>path</key>
			<string>PointView.swift</string>
			<key>sourceTree</key>
			<string>&lt;group&gt;</string>
		</dict>
		<key>381F3E0E1E07780E002366A8</key>
		<dict>
			<key>fileRef</key>
			<string>381F3E0D1E07780E002366A8</string>
			<key>isa</key>
			<string>PBXBuildFile</string>
		</dict>
		<key>382225C41E315BC9005CC3D5</key>
		<dict>
			<key>isa</key>
			<string>PBXFileReference</string>
			<key>lastKnownFileType</key>
			<string>image.png</string>
			<key>name</key>
			<string>camera_bold.png</string>
			<key>path</key>
			<string>../camera_bold.png</string>
			<key>sourceTree</key>
			<string>&lt;group&gt;</string>
		</dict>
		<key>382225C51E315BC9005CC3D5</key>
		<dict>
			<key>fileRef</key>
			<string>382225C41E315BC9005CC3D5</string>
			<key>isa</key>
			<string>PBXBuildFile</string>
		</dict>
		<key>382225C61E315E9D005CC3D5</key>
		<dict>
			<key>isa</key>
			<string>PBXFileReference</string>
			<key>lastKnownFileType</key>
			<string>image.png</string>
			<key>name</key>
			<string>scan_button.png</string>
			<key>path</key>
			<string>../scan_button.png</string>
			<key>sourceTree</key>
			<string>&lt;group&gt;</string>
		</dict>
		<key>382225C71E315E9D005CC3D5</key>
		<dict>
			<key>fileRef</key>
			<string>382225C61E315E9D005CC3D5</string>
			<key>isa</key>
			<string>PBXBuildFile</string>
		</dict>
		<key>382225C81E31659A005CC3D5</key>
		<dict>
			<key>children</key>
			<array>
				<string>382225C91E31659A005CC3D5</string>
				<string>382225CB1E31659A005CC3D5</string>
				<string>382225CC1E31659A005CC3D5</string>
				<string>382225E21E31659A005CC3D5</string>
				<string>382225E41E31659A005CC3D5</string>
				<string>382225E51E31659A005CC3D5</string>
				<string>382225E61E31659A005CC3D5</string>
			</array>
			<key>isa</key>
			<string>PBXGroup</string>
			<key>path</key>
			<string>QRCodeReader.swift-master</string>
			<key>sourceTree</key>
			<string>&lt;group&gt;</string>
		</dict>
		<key>382225C91E31659A005CC3D5</key>
		<dict>
			<key>fileEncoding</key>
			<string>4</string>
			<key>isa</key>
			<string>PBXFileReference</string>
			<key>lastKnownFileType</key>
			<string>text</string>
			<key>path</key>
			<string>.gitignore</string>
			<key>sourceTree</key>
			<string>&lt;group&gt;</string>
		</dict>
		<key>382225CB1E31659A005CC3D5</key>
		<dict>
			<key>fileEncoding</key>
			<string>4</string>
			<key>isa</key>
			<string>PBXFileReference</string>
			<key>lastKnownFileType</key>
			<string>net.daringfireball.markdown</string>
			<key>path</key>
			<string>CHANGELOG.md</string>
			<key>sourceTree</key>
			<string>&lt;group&gt;</string>
		</dict>
		<key>382225CC1E31659A005CC3D5</key>
		<dict>
			<key>fileEncoding</key>
			<string>4</string>
			<key>isa</key>
			<string>PBXFileReference</string>
			<key>lastKnownFileType</key>
			<string>net.daringfireball.markdown</string>
			<key>path</key>
			<string>CONTRIBUTORS.md</string>
			<key>sourceTree</key>
			<string>&lt;group&gt;</string>
		</dict>
		<key>382225E21E31659A005CC3D5</key>
		<dict>
			<key>fileEncoding</key>
			<string>4</string>
			<key>isa</key>
			<string>PBXFileReference</string>
			<key>lastKnownFileType</key>
			<string>text</string>
			<key>path</key>
			<string>LICENSE</string>
			<key>sourceTree</key>
			<string>&lt;group&gt;</string>
		</dict>
		<key>382225E41E31659A005CC3D5</key>
		<dict>
			<key>fileEncoding</key>
			<string>4</string>
			<key>isa</key>
			<string>PBXFileReference</string>
			<key>lastKnownFileType</key>
			<string>text</string>
			<key>path</key>
			<string>QRCodeReader.swift.podspec</string>
			<key>sourceTree</key>
			<string>&lt;group&gt;</string>
		</dict>
		<key>382225E51E31659A005CC3D5</key>
		<dict>
			<key>fileEncoding</key>
			<string>4</string>
			<key>isa</key>
			<string>PBXFileReference</string>
			<key>lastKnownFileType</key>
			<string>net.daringfireball.markdown</string>
			<key>path</key>
			<string>README.md</string>
			<key>sourceTree</key>
			<string>&lt;group&gt;</string>
		</dict>
		<key>382225E61E31659A005CC3D5</key>
		<dict>
			<key>children</key>
			<array>
				<string>382225E71E31659A005CC3D5</string>
				<string>382225E81E31659A005CC3D5</string>
				<string>382225E91E31659A005CC3D5</string>
				<string>382225EA1E31659A005CC3D5</string>
				<string>382225EB1E31659A005CC3D5</string>
				<string>382225EC1E31659A005CC3D5</string>
				<string>382225ED1E31659A005CC3D5</string>
				<string>382225EE1E31659A005CC3D5</string>
				<string>382225EF1E31659A005CC3D5</string>
				<string>382225F01E31659A005CC3D5</string>
			</array>
			<key>isa</key>
			<string>PBXGroup</string>
			<key>path</key>
			<string>Sources</string>
			<key>sourceTree</key>
			<string>&lt;group&gt;</string>
		</dict>
		<key>382225E71E31659A005CC3D5</key>
		<dict>
			<key>fileEncoding</key>
			<string>4</string>
			<key>isa</key>
			<string>PBXFileReference</string>
			<key>lastKnownFileType</key>
			<string>sourcecode.swift</string>
			<key>path</key>
			<string>QRCodeReader.swift</string>
			<key>sourceTree</key>
			<string>&lt;group&gt;</string>
		</dict>
		<key>382225E81E31659A005CC3D5</key>
		<dict>
			<key>fileEncoding</key>
			<string>4</string>
			<key>isa</key>
			<string>PBXFileReference</string>
			<key>lastKnownFileType</key>
			<string>sourcecode.swift</string>
			<key>path</key>
			<string>QRCodeReaderResult.swift</string>
			<key>sourceTree</key>
			<string>&lt;group&gt;</string>
		</dict>
		<key>382225E91E31659A005CC3D5</key>
		<dict>
			<key>fileEncoding</key>
			<string>4</string>
			<key>isa</key>
			<string>PBXFileReference</string>
			<key>lastKnownFileType</key>
			<string>sourcecode.swift</string>
			<key>path</key>
			<string>QRCodeReaderView.swift</string>
			<key>sourceTree</key>
			<string>&lt;group&gt;</string>
		</dict>
		<key>382225EA1E31659A005CC3D5</key>
		<dict>
			<key>fileEncoding</key>
			<string>4</string>
			<key>isa</key>
			<string>PBXFileReference</string>
			<key>lastKnownFileType</key>
			<string>sourcecode.swift</string>
			<key>path</key>
			<string>QRCodeReaderViewContainer.swift</string>
			<key>sourceTree</key>
			<string>&lt;group&gt;</string>
		</dict>
		<key>382225EB1E31659A005CC3D5</key>
		<dict>
			<key>fileEncoding</key>
			<string>4</string>
			<key>isa</key>
			<string>PBXFileReference</string>
			<key>lastKnownFileType</key>
			<string>sourcecode.swift</string>
			<key>path</key>
			<string>QRCodeReaderViewController.swift</string>
			<key>sourceTree</key>
			<string>&lt;group&gt;</string>
		</dict>
		<key>382225EC1E31659A005CC3D5</key>
		<dict>
			<key>fileEncoding</key>
			<string>4</string>
			<key>isa</key>
			<string>PBXFileReference</string>
			<key>lastKnownFileType</key>
			<string>sourcecode.swift</string>
			<key>path</key>
			<string>QRCodeReaderViewControllerBuilder.swift</string>
			<key>sourceTree</key>
			<string>&lt;group&gt;</string>
		</dict>
		<key>382225ED1E31659A005CC3D5</key>
		<dict>
			<key>fileEncoding</key>
			<string>4</string>
			<key>isa</key>
			<string>PBXFileReference</string>
			<key>lastKnownFileType</key>
			<string>sourcecode.swift</string>
			<key>path</key>
			<string>QRCodeReaderViewControllerDelegate.swift</string>
			<key>sourceTree</key>
			<string>&lt;group&gt;</string>
		</dict>
		<key>382225EE1E31659A005CC3D5</key>
		<dict>
			<key>fileEncoding</key>
			<string>4</string>
			<key>isa</key>
			<string>PBXFileReference</string>
			<key>lastKnownFileType</key>
			<string>sourcecode.swift</string>
			<key>path</key>
			<string>ReaderOverlayView.swift</string>
			<key>sourceTree</key>
			<string>&lt;group&gt;</string>
		</dict>
		<key>382225EF1E31659A005CC3D5</key>
		<dict>
			<key>fileEncoding</key>
			<string>4</string>
			<key>isa</key>
			<string>PBXFileReference</string>
			<key>lastKnownFileType</key>
			<string>sourcecode.swift</string>
			<key>path</key>
			<string>SwitchCameraButton.swift</string>
			<key>sourceTree</key>
			<string>&lt;group&gt;</string>
		</dict>
		<key>382225F01E31659A005CC3D5</key>
		<dict>
			<key>fileEncoding</key>
			<string>4</string>
			<key>isa</key>
			<string>PBXFileReference</string>
			<key>lastKnownFileType</key>
			<string>sourcecode.swift</string>
			<key>path</key>
			<string>ToggleTorchButton.swift</string>
			<key>sourceTree</key>
			<string>&lt;group&gt;</string>
		</dict>
		<key>382225F11E31659A005CC3D5</key>
		<dict>
			<key>fileRef</key>
			<string>382225C91E31659A005CC3D5</string>
			<key>isa</key>
			<string>PBXBuildFile</string>
		</dict>
		<key>382225F31E31659A005CC3D5</key>
		<dict>
			<key>fileRef</key>
			<string>382225CB1E31659A005CC3D5</string>
			<key>isa</key>
			<string>PBXBuildFile</string>
		</dict>
		<key>382225F41E31659A005CC3D5</key>
		<dict>
			<key>fileRef</key>
			<string>382225CC1E31659A005CC3D5</string>
			<key>isa</key>
			<string>PBXBuildFile</string>
		</dict>
		<key>382225FE1E31659A005CC3D5</key>
		<dict>
			<key>fileRef</key>
			<string>382225E21E31659A005CC3D5</string>
			<key>isa</key>
			<string>PBXBuildFile</string>
		</dict>
		<key>382226001E31659A005CC3D5</key>
		<dict>
			<key>fileRef</key>
			<string>382225E41E31659A005CC3D5</string>
			<key>isa</key>
			<string>PBXBuildFile</string>
		</dict>
		<key>382226011E31659A005CC3D5</key>
		<dict>
			<key>fileRef</key>
			<string>382225E51E31659A005CC3D5</string>
			<key>isa</key>
			<string>PBXBuildFile</string>
		</dict>
		<key>382226021E31659A005CC3D5</key>
		<dict>
			<key>fileRef</key>
			<string>382225E71E31659A005CC3D5</string>
			<key>isa</key>
			<string>PBXBuildFile</string>
		</dict>
		<key>382226031E31659A005CC3D5</key>
		<dict>
			<key>fileRef</key>
			<string>382225E81E31659A005CC3D5</string>
			<key>isa</key>
			<string>PBXBuildFile</string>
		</dict>
		<key>382226041E31659A005CC3D5</key>
		<dict>
			<key>fileRef</key>
			<string>382225E91E31659A005CC3D5</string>
			<key>isa</key>
			<string>PBXBuildFile</string>
		</dict>
		<key>382226051E31659A005CC3D5</key>
		<dict>
			<key>fileRef</key>
			<string>382225EA1E31659A005CC3D5</string>
			<key>isa</key>
			<string>PBXBuildFile</string>
		</dict>
		<key>382226061E31659A005CC3D5</key>
		<dict>
			<key>fileRef</key>
			<string>382225EB1E31659A005CC3D5</string>
			<key>isa</key>
			<string>PBXBuildFile</string>
		</dict>
		<key>382226071E31659A005CC3D5</key>
		<dict>
			<key>fileRef</key>
			<string>382225EC1E31659A005CC3D5</string>
			<key>isa</key>
			<string>PBXBuildFile</string>
		</dict>
		<key>382226081E31659A005CC3D5</key>
		<dict>
			<key>fileRef</key>
			<string>382225ED1E31659A005CC3D5</string>
			<key>isa</key>
			<string>PBXBuildFile</string>
		</dict>
		<key>382226091E31659A005CC3D5</key>
		<dict>
			<key>fileRef</key>
			<string>382225EE1E31659A005CC3D5</string>
			<key>isa</key>
			<string>PBXBuildFile</string>
		</dict>
		<key>3822260A1E31659A005CC3D5</key>
		<dict>
			<key>fileRef</key>
			<string>382225EF1E31659A005CC3D5</string>
			<key>isa</key>
			<string>PBXBuildFile</string>
		</dict>
		<key>3822260B1E31659A005CC3D5</key>
		<dict>
			<key>fileRef</key>
			<string>382225F01E31659A005CC3D5</string>
			<key>isa</key>
			<string>PBXBuildFile</string>
		</dict>
		<key>383F44371E021744003F7F28</key>
		<dict>
			<key>fileEncoding</key>
			<string>4</string>
			<key>isa</key>
			<string>PBXFileReference</string>
			<key>lastKnownFileType</key>
			<string>sourcecode.swift</string>
			<key>path</key>
			<string>DetailView.swift</string>
			<key>sourceTree</key>
			<string>&lt;group&gt;</string>
		</dict>
		<key>383F44381E021744003F7F28</key>
		<dict>
			<key>fileRef</key>
			<string>383F44371E021744003F7F28</string>
			<key>isa</key>
			<string>PBXBuildFile</string>
		</dict>
		<key>386C2B621DFE342600F15658</key>
		<dict>
			<key>children</key>
			<array>
				<string>18C658A41E381E50000896BE</string>
				<string>18C658A21E37E8FC000896BE</string>
				<string>181E520C1E32C391006859CA</string>
				<string>382225C81E31659A005CC3D5</string>
				<string>181E51FF1E2FE4B5006859CA</string>
				<string>386C2B6D1DFE342600F15658</string>
				<string>386C2B821DFE342600F15658</string>
				<string>386C2B8D1DFE342600F15658</string>
				<string>386C2B6C1DFE342600F15658</string>
				<string>98F474418C0A366B498725B7</string>
				<string>D8588E493B03D0AE2809C193</string>
			</array>
			<key>isa</key>
			<string>PBXGroup</string>
			<key>sourceTree</key>
			<string>&lt;group&gt;</string>
		</dict>
		<key>386C2B631DFE342600F15658</key>
		<dict>
			<key>attributes</key>
			<dict>
				<key>LastSwiftUpdateCheck</key>
				<string>0810</string>
				<key>LastUpgradeCheck</key>
				<string>0820</string>
				<key>ORGANIZATIONNAME</key>
				<string>Ordinem</string>
				<key>TargetAttributes</key>
				<dict>
					<key>386C2B6A1DFE342600F15658</key>
					<dict>
						<key>CreatedOnToolsVersion</key>
						<string>8.1</string>
						<key>DevelopmentTeam</key>
						<string>JTE4SBMYPN</string>
						<key>ProvisioningStyle</key>
						<string>Manual</string>
					</dict>
					<key>386C2B7E1DFE342600F15658</key>
					<dict>
						<key>CreatedOnToolsVersion</key>
						<string>8.1</string>
						<key>DevelopmentTeam</key>
						<string>V5256P9TCJ</string>
						<key>ProvisioningStyle</key>
						<string>Automatic</string>
						<key>TestTargetID</key>
						<string>386C2B6A1DFE342600F15658</string>
					</dict>
					<key>386C2B891DFE342600F15658</key>
					<dict>
						<key>CreatedOnToolsVersion</key>
						<string>8.1</string>
						<key>DevelopmentTeam</key>
						<string>V5256P9TCJ</string>
						<key>ProvisioningStyle</key>
						<string>Automatic</string>
						<key>TestTargetID</key>
						<string>386C2B6A1DFE342600F15658</string>
					</dict>
				</dict>
			</dict>
			<key>buildConfigurationList</key>
			<string>386C2B661DFE342600F15658</string>
			<key>compatibilityVersion</key>
			<string>Xcode 3.2</string>
			<key>developmentRegion</key>
			<string>English</string>
			<key>hasScannedForEncodings</key>
			<string>0</string>
			<key>isa</key>
			<string>PBXProject</string>
			<key>knownRegions</key>
			<array>
				<string>en</string>
				<string>Base</string>
			</array>
			<key>mainGroup</key>
			<string>386C2B621DFE342600F15658</string>
			<key>productRefGroup</key>
			<string>386C2B6C1DFE342600F15658</string>
			<key>projectDirPath</key>
			<string></string>
			<key>projectReferences</key>
			<array/>
			<key>projectRoot</key>
			<string></string>
			<key>targets</key>
			<array>
				<string>386C2B6A1DFE342600F15658</string>
				<string>386C2B7E1DFE342600F15658</string>
				<string>386C2B891DFE342600F15658</string>
			</array>
		</dict>
		<key>386C2B661DFE342600F15658</key>
		<dict>
			<key>buildConfigurations</key>
			<array>
				<string>386C2B911DFE342600F15658</string>
				<string>386C2B921DFE342600F15658</string>
			</array>
			<key>defaultConfigurationIsVisible</key>
			<string>0</string>
			<key>defaultConfigurationName</key>
			<string>Release</string>
			<key>isa</key>
			<string>XCConfigurationList</string>
		</dict>
		<key>386C2B671DFE342600F15658</key>
		<dict>
			<key>buildActionMask</key>
			<string>2147483647</string>
			<key>files</key>
			<array>
				<string>386C2B711DFE342600F15658</string>
				<string>386C2BB51DFF07D800F15658</string>
				<string>382226051E31659A005CC3D5</string>
				<string>382226021E31659A005CC3D5</string>
				<string>382226081E31659A005CC3D5</string>
				<string>382226031E31659A005CC3D5</string>
				<string>386C2BAF1DFE9BEA00F15658</string>
				<string>382226061E31659A005CC3D5</string>
				<string>381F3E0E1E07780E002366A8</string>
				<string>382225F41E31659A005CC3D5</string>
				<string>383F44381E021744003F7F28</string>
				<string>382226041E31659A005CC3D5</string>
				<string>38D2BACE1E30407500F78259</string>
				<string>181E520D1E32C391006859CA</string>
				<string>181E52051E309F37006859CA</string>
				<string>180DF1A71E35CD2600C6A534</string>
				<string>381F3E0C1E0733D9002366A8</string>
				<string>180DF1A31E35C06500C6A534</string>
				<string>180DF1A51E35CC0500C6A534</string>
				<string>180DF19F1E3555EE00C6A534</string>
				<string>382226071E31659A005CC3D5</string>
				<string>18C658A31E37E8FC000896BE</string>
				<string>382226091E31659A005CC3D5</string>
				<string>386C2BB11DFEA43800F15658</string>
				<string>382226011E31659A005CC3D5</string>
				<string>3822260A1E31659A005CC3D5</string>
				<string>382225F31E31659A005CC3D5</string>
				<string>386C2BAD1DFE782E00F15658</string>
				<string>386C2B6F1DFE342600F15658</string>
				<string>18C658A51E381E50000896BE</string>
				<string>181E52001E2FE4B5006859CA</string>
				<string>3822260B1E31659A005CC3D5</string>
			</array>
			<key>isa</key>
			<string>PBXSourcesBuildPhase</string>
			<key>runOnlyForDeploymentPostprocessing</key>
			<string>0</string>
		</dict>
		<key>386C2B681DFE342600F15658</key>
		<dict>
			<key>buildActionMask</key>
			<string>2147483647</string>
			<key>files</key>
			<array>
				<string>D1D2D99AF6AAEAC0F6D11C37</string>
			</array>
			<key>isa</key>
			<string>PBXFrameworksBuildPhase</string>
			<key>runOnlyForDeploymentPostprocessing</key>
			<string>0</string>
		</dict>
		<key>386C2B691DFE342600F15658</key>
		<dict>
			<key>buildActionMask</key>
			<string>2147483647</string>
			<key>files</key>
			<array>
				<string>386C2BAB1DFE6F0500F15658</string>
				<string>18C6589D1E373484000896BE</string>
				<string>386DB3F11E28791300F8FF7D</string>
				<string>382225C71E315E9D005CC3D5</string>
				<string>386C2BA91DFE6B3A00F15658</string>
				<string>381F3E0B1E0733D9002366A8</string>
				<string>18C6589F1E3735BD000896BE</string>
				<string>181E520F1E3305E4006859CA</string>
				<string>382226001E31659A005CC3D5</string>
				<string>386C2B791DFE342600F15658</string>
				<string>18C658A11E37C6FA000896BE</string>
				<string>38F0AB241E383E4C00AE7ECD</string>
				<string>386C2BA51DFE651800F15658</string>
				<string>386C2B9F1DFE64D300F15658</string>
				<string>386DB3EF1E28785E00F8FF7D</string>
				<string>386C2B9D1DFE64C200F15658</string>
				<string>181E52071E31498D006859CA</string>
				<string>382225FE1E31659A005CC3D5</string>
				<string>382225F11E31659A005CC3D5</string>
				<string>181E520B1E314E83006859CA</string>
				<string>386C2B761DFE342600F15658</string>
				<string>18C6589B1E372BDC000896BE</string>
				<string>386C2BA31DFE64E300F15658</string>
				<string>386C2B741DFE342600F15658</string>
				<string>386C2BA11DFE64DD00F15658</string>
				<string>382225C51E315BC9005CC3D5</string>
				<string>386C2BA71DFE6A1F00F15658</string>
			</array>
			<key>isa</key>
			<string>PBXResourcesBuildPhase</string>
			<key>runOnlyForDeploymentPostprocessing</key>
			<string>0</string>
		</dict>
		<key>386C2B6A1DFE342600F15658</key>
		<dict>
			<key>buildConfigurationList</key>
			<string>386C2B931DFE342600F15658</string>
			<key>buildPhases</key>
			<array>
				<string>0DD5EF0C451659CF755859D0</string>
				<string>386C2B671DFE342600F15658</string>
				<string>386C2B681DFE342600F15658</string>
				<string>386C2B691DFE342600F15658</string>
				<string>7C3D8FA1FC32E67C89B6D69E</string>
				<string>ED4D24669FC86448C8B6329F</string>
			</array>
			<key>buildRules</key>
			<array/>
			<key>dependencies</key>
			<array/>
			<key>isa</key>
			<string>PBXNativeTarget</string>
			<key>name</key>
			<string>Ordinem_iOS</string>
			<key>productName</key>
			<string>Ordinem_iOS</string>
			<key>productReference</key>
			<string>386C2B6B1DFE342600F15658</string>
			<key>productType</key>
			<string>com.apple.product-type.application</string>
		</dict>
		<key>386C2B6B1DFE342600F15658</key>
		<dict>
			<key>explicitFileType</key>
			<string>wrapper.application</string>
			<key>includeInIndex</key>
			<string>0</string>
			<key>isa</key>
			<string>PBXFileReference</string>
			<key>path</key>
			<string>Ordinem_iOS.app</string>
			<key>sourceTree</key>
			<string>BUILT_PRODUCTS_DIR</string>
		</dict>
		<key>386C2B6C1DFE342600F15658</key>
		<dict>
			<key>children</key>
			<array>
				<string>386C2B6B1DFE342600F15658</string>
				<string>386C2B7F1DFE342600F15658</string>
				<string>386C2B8A1DFE342600F15658</string>
			</array>
			<key>isa</key>
			<string>PBXGroup</string>
			<key>name</key>
			<string>Products</string>
			<key>sourceTree</key>
			<string>&lt;group&gt;</string>
		</dict>
		<key>386C2B6D1DFE342600F15658</key>
		<dict>
			<key>children</key>
			<array>
				<string>38F0AB231E383E4C00AE7ECD</string>
				<string>18A5319A1E36C3E9003686D2</string>
				<string>381F3E081E0733D9002366A8</string>
				<string>386C2BAC1DFE782E00F15658</string>
				<string>381F3E0A1E0733D9002366A8</string>
				<string>386C2B6E1DFE342600F15658</string>
				<string>386C2B701DFE342600F15658</string>
				<string>386C2B721DFE342600F15658</string>
				<string>180DF1A41E35CC0500C6A534</string>
				<string>180DF1A61E35CD2600C6A534</string>
				<string>180DF1A21E35C06500C6A534</string>
				<string>180DF19E1E3555EE00C6A534</string>
				<string>181E52041E309F37006859CA</string>
				<string>38D2BACD1E30407500F78259</string>
				<string>381F3E0D1E07780E002366A8</string>
				<string>383F44371E021744003F7F28</string>
				<string>386C2BB41DFF07D800F15658</string>
				<string>386C2BB01DFEA43800F15658</string>
				<string>386C2BAE1DFE9BEA00F15658</string>
				<string>386C2B751DFE342600F15658</string>
				<string>386C2B771DFE342600F15658</string>
				<string>386C2B7A1DFE342600F15658</string>
			</array>
			<key>isa</key>
			<string>PBXGroup</string>
			<key>path</key>
			<string>Ordinem_iOS</string>
			<key>sourceTree</key>
			<string>&lt;group&gt;</string>
		</dict>
		<key>386C2B6E1DFE342600F15658</key>
		<dict>
			<key>isa</key>
			<string>PBXFileReference</string>
			<key>lastKnownFileType</key>
			<string>sourcecode.swift</string>
			<key>path</key>
			<string>AppDelegate.swift</string>
			<key>sourceTree</key>
			<string>&lt;group&gt;</string>
		</dict>
		<key>386C2B6F1DFE342600F15658</key>
		<dict>
			<key>fileRef</key>
			<string>386C2B6E1DFE342600F15658</string>
			<key>isa</key>
			<string>PBXBuildFile</string>
		</dict>
		<key>386C2B701DFE342600F15658</key>
		<dict>
			<key>isa</key>
			<string>PBXFileReference</string>
			<key>lastKnownFileType</key>
			<string>sourcecode.swift</string>
			<key>path</key>
			<string>LoginView.swift</string>
			<key>sourceTree</key>
			<string>&lt;group&gt;</string>
		</dict>
		<key>386C2B711DFE342600F15658</key>
		<dict>
			<key>fileRef</key>
			<string>386C2B701DFE342600F15658</string>
			<key>isa</key>
			<string>PBXBuildFile</string>
		</dict>
		<key>386C2B721DFE342600F15658</key>
		<dict>
			<key>children</key>
			<array>
				<string>386C2B731DFE342600F15658</string>
			</array>
			<key>isa</key>
			<string>PBXVariantGroup</string>
			<key>name</key>
			<string>Main.storyboard</string>
			<key>sourceTree</key>
			<string>&lt;group&gt;</string>
		</dict>
		<key>386C2B731DFE342600F15658</key>
		<dict>
			<key>isa</key>
			<string>PBXFileReference</string>
			<key>lastKnownFileType</key>
			<string>file.storyboard</string>
			<key>name</key>
			<string>Base</string>
			<key>path</key>
			<string>Base.lproj/Main.storyboard</string>
			<key>sourceTree</key>
			<string>&lt;group&gt;</string>
		</dict>
		<key>386C2B741DFE342600F15658</key>
		<dict>
			<key>fileRef</key>
			<string>386C2B721DFE342600F15658</string>
			<key>isa</key>
			<string>PBXBuildFile</string>
		</dict>
		<key>386C2B751DFE342600F15658</key>
		<dict>
			<key>isa</key>
			<string>PBXFileReference</string>
			<key>lastKnownFileType</key>
			<string>folder.assetcatalog</string>
			<key>path</key>
			<string>Assets.xcassets</string>
			<key>sourceTree</key>
			<string>&lt;group&gt;</string>
		</dict>
		<key>386C2B761DFE342600F15658</key>
		<dict>
			<key>fileRef</key>
			<string>386C2B751DFE342600F15658</string>
			<key>isa</key>
			<string>PBXBuildFile</string>
		</dict>
		<key>386C2B771DFE342600F15658</key>
		<dict>
			<key>children</key>
			<array>
				<string>386C2B781DFE342600F15658</string>
			</array>
			<key>isa</key>
			<string>PBXVariantGroup</string>
			<key>name</key>
			<string>LaunchScreen.storyboard</string>
			<key>sourceTree</key>
			<string>&lt;group&gt;</string>
		</dict>
		<key>386C2B781DFE342600F15658</key>
		<dict>
			<key>isa</key>
			<string>PBXFileReference</string>
			<key>lastKnownFileType</key>
			<string>file.storyboard</string>
			<key>name</key>
			<string>Base</string>
			<key>path</key>
			<string>Base.lproj/LaunchScreen.storyboard</string>
			<key>sourceTree</key>
			<string>&lt;group&gt;</string>
		</dict>
		<key>386C2B791DFE342600F15658</key>
		<dict>
			<key>fileRef</key>
			<string>386C2B771DFE342600F15658</string>
			<key>isa</key>
			<string>PBXBuildFile</string>
		</dict>
		<key>386C2B7A1DFE342600F15658</key>
		<dict>
			<key>isa</key>
			<string>PBXFileReference</string>
			<key>lastKnownFileType</key>
			<string>text.plist.xml</string>
			<key>path</key>
			<string>Info.plist</string>
			<key>sourceTree</key>
			<string>&lt;group&gt;</string>
		</dict>
		<key>386C2B7B1DFE342600F15658</key>
		<dict>
			<key>buildActionMask</key>
			<string>2147483647</string>
			<key>files</key>
			<array>
				<string>386C2B841DFE342600F15658</string>
			</array>
			<key>isa</key>
			<string>PBXSourcesBuildPhase</string>
			<key>runOnlyForDeploymentPostprocessing</key>
			<string>0</string>
		</dict>
		<key>386C2B7C1DFE342600F15658</key>
		<dict>
			<key>buildActionMask</key>
			<string>2147483647</string>
			<key>files</key>
			<array>
				<string>5BB231D67447603B05629AF2</string>
			</array>
			<key>isa</key>
			<string>PBXFrameworksBuildPhase</string>
			<key>runOnlyForDeploymentPostprocessing</key>
			<string>0</string>
		</dict>
		<key>386C2B7D1DFE342600F15658</key>
		<dict>
			<key>buildActionMask</key>
			<string>2147483647</string>
			<key>files</key>
			<array/>
			<key>isa</key>
			<string>PBXResourcesBuildPhase</string>
			<key>runOnlyForDeploymentPostprocessing</key>
			<string>0</string>
		</dict>
		<key>386C2B7E1DFE342600F15658</key>
		<dict>
			<key>buildConfigurationList</key>
			<string>386C2B961DFE342600F15658</string>
			<key>buildPhases</key>
			<array>
				<string>F1C25914E026362A5BCC7B57</string>
				<string>386C2B7B1DFE342600F15658</string>
				<string>386C2B7C1DFE342600F15658</string>
				<string>386C2B7D1DFE342600F15658</string>
				<string>F25556D23FD766A7E713A212</string>
				<string>560833741854E35112A21050</string>
			</array>
			<key>buildRules</key>
			<array/>
			<key>dependencies</key>
			<array>
				<string>386C2B811DFE342600F15658</string>
			</array>
			<key>isa</key>
			<string>PBXNativeTarget</string>
			<key>name</key>
			<string>Ordinem_iOSTests</string>
			<key>productName</key>
			<string>Ordinem_iOSTests</string>
			<key>productReference</key>
			<string>386C2B7F1DFE342600F15658</string>
			<key>productType</key>
			<string>com.apple.product-type.bundle.unit-test</string>
		</dict>
		<key>386C2B7F1DFE342600F15658</key>
		<dict>
			<key>explicitFileType</key>
			<string>wrapper.cfbundle</string>
			<key>includeInIndex</key>
			<string>0</string>
			<key>isa</key>
			<string>PBXFileReference</string>
			<key>path</key>
			<string>Ordinem_iOSTests.xctest</string>
			<key>sourceTree</key>
			<string>BUILT_PRODUCTS_DIR</string>
		</dict>
		<key>386C2B801DFE342600F15658</key>
		<dict>
			<key>containerPortal</key>
			<string>386C2B631DFE342600F15658</string>
			<key>isa</key>
			<string>PBXContainerItemProxy</string>
			<key>proxyType</key>
			<string>1</string>
			<key>remoteGlobalIDString</key>
			<string>386C2B6A1DFE342600F15658</string>
			<key>remoteInfo</key>
			<string>Ordinem_iOS</string>
		</dict>
		<key>386C2B811DFE342600F15658</key>
		<dict>
			<key>isa</key>
			<string>PBXTargetDependency</string>
			<key>target</key>
			<string>386C2B6A1DFE342600F15658</string>
			<key>targetProxy</key>
			<string>386C2B801DFE342600F15658</string>
		</dict>
		<key>386C2B821DFE342600F15658</key>
		<dict>
			<key>children</key>
			<array>
				<string>386C2B831DFE342600F15658</string>
				<string>386C2B851DFE342600F15658</string>
			</array>
			<key>isa</key>
			<string>PBXGroup</string>
			<key>path</key>
			<string>Ordinem_iOSTests</string>
			<key>sourceTree</key>
			<string>&lt;group&gt;</string>
		</dict>
		<key>386C2B831DFE342600F15658</key>
		<dict>
			<key>isa</key>
			<string>PBXFileReference</string>
			<key>lastKnownFileType</key>
			<string>sourcecode.swift</string>
			<key>path</key>
			<string>Ordinem_iOSTests.swift</string>
			<key>sourceTree</key>
			<string>&lt;group&gt;</string>
		</dict>
		<key>386C2B841DFE342600F15658</key>
		<dict>
			<key>fileRef</key>
			<string>386C2B831DFE342600F15658</string>
			<key>isa</key>
			<string>PBXBuildFile</string>
		</dict>
		<key>386C2B851DFE342600F15658</key>
		<dict>
			<key>isa</key>
			<string>PBXFileReference</string>
			<key>lastKnownFileType</key>
			<string>text.plist.xml</string>
			<key>path</key>
			<string>Info.plist</string>
			<key>sourceTree</key>
			<string>&lt;group&gt;</string>
		</dict>
		<key>386C2B861DFE342600F15658</key>
		<dict>
			<key>buildActionMask</key>
			<string>2147483647</string>
			<key>files</key>
			<array>
				<string>386C2B8F1DFE342600F15658</string>
			</array>
			<key>isa</key>
			<string>PBXSourcesBuildPhase</string>
			<key>runOnlyForDeploymentPostprocessing</key>
			<string>0</string>
		</dict>
		<key>386C2B871DFE342600F15658</key>
		<dict>
			<key>buildActionMask</key>
			<string>2147483647</string>
			<key>files</key>
			<array>
				<string>FE30145BC65875A49FD52CFF</string>
			</array>
			<key>isa</key>
			<string>PBXFrameworksBuildPhase</string>
			<key>runOnlyForDeploymentPostprocessing</key>
			<string>0</string>
		</dict>
		<key>386C2B881DFE342600F15658</key>
		<dict>
			<key>buildActionMask</key>
			<string>2147483647</string>
			<key>files</key>
			<array/>
			<key>isa</key>
			<string>PBXResourcesBuildPhase</string>
			<key>runOnlyForDeploymentPostprocessing</key>
			<string>0</string>
		</dict>
		<key>386C2B891DFE342600F15658</key>
		<dict>
			<key>buildConfigurationList</key>
			<string>386C2B991DFE342600F15658</string>
			<key>buildPhases</key>
			<array>
				<string>0B1531232F2ABEC108B1F252</string>
				<string>386C2B861DFE342600F15658</string>
				<string>386C2B871DFE342600F15658</string>
				<string>386C2B881DFE342600F15658</string>
				<string>D19AFA5E3C9032A85020663A</string>
			</array>
			<key>buildRules</key>
			<array/>
			<key>dependencies</key>
			<array>
				<string>386C2B8C1DFE342600F15658</string>
			</array>
			<key>isa</key>
			<string>PBXNativeTarget</string>
			<key>name</key>
			<string>Ordinem_iOSUITests</string>
			<key>productName</key>
			<string>Ordinem_iOSUITests</string>
			<key>productReference</key>
			<string>386C2B8A1DFE342600F15658</string>
			<key>productType</key>
			<string>com.apple.product-type.bundle.ui-testing</string>
		</dict>
		<key>386C2B8A1DFE342600F15658</key>
		<dict>
			<key>explicitFileType</key>
			<string>wrapper.cfbundle</string>
			<key>includeInIndex</key>
			<string>0</string>
			<key>isa</key>
			<string>PBXFileReference</string>
			<key>path</key>
			<string>Ordinem_iOSUITests.xctest</string>
			<key>sourceTree</key>
			<string>BUILT_PRODUCTS_DIR</string>
		</dict>
		<key>386C2B8B1DFE342600F15658</key>
		<dict>
			<key>containerPortal</key>
			<string>386C2B631DFE342600F15658</string>
			<key>isa</key>
			<string>PBXContainerItemProxy</string>
			<key>proxyType</key>
			<string>1</string>
			<key>remoteGlobalIDString</key>
			<string>386C2B6A1DFE342600F15658</string>
			<key>remoteInfo</key>
			<string>Ordinem_iOS</string>
		</dict>
		<key>386C2B8C1DFE342600F15658</key>
		<dict>
			<key>isa</key>
			<string>PBXTargetDependency</string>
			<key>target</key>
			<string>386C2B6A1DFE342600F15658</string>
			<key>targetProxy</key>
			<string>386C2B8B1DFE342600F15658</string>
		</dict>
		<key>386C2B8D1DFE342600F15658</key>
		<dict>
			<key>children</key>
			<array>
				<string>386C2B8E1DFE342600F15658</string>
				<string>386C2B901DFE342600F15658</string>
			</array>
			<key>isa</key>
			<string>PBXGroup</string>
			<key>path</key>
			<string>Ordinem_iOSUITests</string>
			<key>sourceTree</key>
			<string>&lt;group&gt;</string>
		</dict>
		<key>386C2B8E1DFE342600F15658</key>
		<dict>
			<key>isa</key>
			<string>PBXFileReference</string>
			<key>lastKnownFileType</key>
			<string>sourcecode.swift</string>
			<key>path</key>
			<string>Ordinem_iOSUITests.swift</string>
			<key>sourceTree</key>
			<string>&lt;group&gt;</string>
		</dict>
		<key>386C2B8F1DFE342600F15658</key>
		<dict>
			<key>fileRef</key>
			<string>386C2B8E1DFE342600F15658</string>
			<key>isa</key>
			<string>PBXBuildFile</string>
		</dict>
		<key>386C2B901DFE342600F15658</key>
		<dict>
			<key>isa</key>
			<string>PBXFileReference</string>
			<key>lastKnownFileType</key>
			<string>text.plist.xml</string>
			<key>path</key>
			<string>Info.plist</string>
			<key>sourceTree</key>
			<string>&lt;group&gt;</string>
		</dict>
		<key>386C2B911DFE342600F15658</key>
		<dict>
			<key>buildSettings</key>
			<dict>
				<key>ALWAYS_SEARCH_USER_PATHS</key>
				<string>NO</string>
				<key>CLANG_ANALYZER_NONNULL</key>
				<string>YES</string>
				<key>CLANG_CXX_LANGUAGE_STANDARD</key>
				<string>gnu++0x</string>
				<key>CLANG_CXX_LIBRARY</key>
				<string>libc++</string>
				<key>CLANG_ENABLE_MODULES</key>
				<string>YES</string>
				<key>CLANG_ENABLE_OBJC_ARC</key>
				<string>YES</string>
				<key>CLANG_WARN_BOOL_CONVERSION</key>
				<string>YES</string>
				<key>CLANG_WARN_CONSTANT_CONVERSION</key>
				<string>YES</string>
				<key>CLANG_WARN_DIRECT_OBJC_ISA_USAGE</key>
				<string>YES_ERROR</string>
				<key>CLANG_WARN_DOCUMENTATION_COMMENTS</key>
				<string>YES</string>
				<key>CLANG_WARN_EMPTY_BODY</key>
				<string>YES</string>
				<key>CLANG_WARN_ENUM_CONVERSION</key>
				<string>YES</string>
				<key>CLANG_WARN_INFINITE_RECURSION</key>
				<string>YES</string>
				<key>CLANG_WARN_INT_CONVERSION</key>
				<string>YES</string>
				<key>CLANG_WARN_OBJC_ROOT_CLASS</key>
				<string>YES_ERROR</string>
				<key>CLANG_WARN_SUSPICIOUS_MOVE</key>
				<string>YES</string>
				<key>CLANG_WARN_SUSPICIOUS_MOVES</key>
				<string>YES</string>
				<key>CLANG_WARN_UNREACHABLE_CODE</key>
				<string>YES</string>
				<key>CLANG_WARN__DUPLICATE_METHOD_MATCH</key>
				<string>YES</string>
				<key>CODE_SIGN_IDENTITY[sdk=iphoneos*]</key>
				<string>iPhone Developer</string>
				<key>COPY_PHASE_STRIP</key>
				<string>NO</string>
				<key>DEBUG_INFORMATION_FORMAT</key>
				<string>dwarf</string>
				<key>ENABLE_STRICT_OBJC_MSGSEND</key>
				<string>YES</string>
				<key>ENABLE_TESTABILITY</key>
				<string>YES</string>
				<key>GCC_C_LANGUAGE_STANDARD</key>
				<string>gnu99</string>
				<key>GCC_DYNAMIC_NO_PIC</key>
				<string>NO</string>
				<key>GCC_NO_COMMON_BLOCKS</key>
				<string>YES</string>
				<key>GCC_OPTIMIZATION_LEVEL</key>
				<string>0</string>
				<key>GCC_PREPROCESSOR_DEFINITIONS</key>
				<array>
					<string>DEBUG=1</string>
					<string>$(inherited)</string>
				</array>
				<key>GCC_WARN_64_TO_32_BIT_CONVERSION</key>
				<string>YES</string>
				<key>GCC_WARN_ABOUT_RETURN_TYPE</key>
				<string>YES_ERROR</string>
				<key>GCC_WARN_UNDECLARED_SELECTOR</key>
				<string>YES</string>
				<key>GCC_WARN_UNINITIALIZED_AUTOS</key>
				<string>YES_AGGRESSIVE</string>
				<key>GCC_WARN_UNUSED_FUNCTION</key>
				<string>YES</string>
				<key>GCC_WARN_UNUSED_VARIABLE</key>
				<string>YES</string>
				<key>IPHONEOS_DEPLOYMENT_TARGET</key>
				<string>10.1</string>
				<key>MTL_ENABLE_DEBUG_INFO</key>
				<string>YES</string>
				<key>ONLY_ACTIVE_ARCH</key>
				<string>YES</string>
				<key>SDKROOT</key>
				<string>iphoneos</string>
				<key>SWIFT_ACTIVE_COMPILATION_CONDITIONS</key>
				<string>DEBUG</string>
				<key>SWIFT_OPTIMIZATION_LEVEL</key>
				<string>-Onone</string>
				<key>TARGETED_DEVICE_FAMILY</key>
				<string>1,2</string>
			</dict>
			<key>isa</key>
			<string>XCBuildConfiguration</string>
			<key>name</key>
			<string>Debug</string>
		</dict>
		<key>386C2B921DFE342600F15658</key>
		<dict>
			<key>buildSettings</key>
			<dict>
				<key>ALWAYS_SEARCH_USER_PATHS</key>
				<string>NO</string>
				<key>CLANG_ANALYZER_NONNULL</key>
				<string>YES</string>
				<key>CLANG_CXX_LANGUAGE_STANDARD</key>
				<string>gnu++0x</string>
				<key>CLANG_CXX_LIBRARY</key>
				<string>libc++</string>
				<key>CLANG_ENABLE_MODULES</key>
				<string>YES</string>
				<key>CLANG_ENABLE_OBJC_ARC</key>
				<string>YES</string>
				<key>CLANG_WARN_BOOL_CONVERSION</key>
				<string>YES</string>
				<key>CLANG_WARN_CONSTANT_CONVERSION</key>
				<string>YES</string>
				<key>CLANG_WARN_DIRECT_OBJC_ISA_USAGE</key>
				<string>YES_ERROR</string>
				<key>CLANG_WARN_DOCUMENTATION_COMMENTS</key>
				<string>YES</string>
				<key>CLANG_WARN_EMPTY_BODY</key>
				<string>YES</string>
				<key>CLANG_WARN_ENUM_CONVERSION</key>
				<string>YES</string>
				<key>CLANG_WARN_INFINITE_RECURSION</key>
				<string>YES</string>
				<key>CLANG_WARN_INT_CONVERSION</key>
				<string>YES</string>
				<key>CLANG_WARN_OBJC_ROOT_CLASS</key>
				<string>YES_ERROR</string>
				<key>CLANG_WARN_SUSPICIOUS_MOVE</key>
				<string>YES</string>
				<key>CLANG_WARN_SUSPICIOUS_MOVES</key>
				<string>YES</string>
				<key>CLANG_WARN_UNREACHABLE_CODE</key>
				<string>YES</string>
				<key>CLANG_WARN__DUPLICATE_METHOD_MATCH</key>
				<string>YES</string>
				<key>CODE_SIGN_IDENTITY[sdk=iphoneos*]</key>
				<string>iPhone Developer</string>
				<key>COPY_PHASE_STRIP</key>
				<string>NO</string>
				<key>DEBUG_INFORMATION_FORMAT</key>
				<string>dwarf-with-dsym</string>
				<key>ENABLE_NS_ASSERTIONS</key>
				<string>NO</string>
				<key>ENABLE_STRICT_OBJC_MSGSEND</key>
				<string>YES</string>
				<key>GCC_C_LANGUAGE_STANDARD</key>
				<string>gnu99</string>
				<key>GCC_NO_COMMON_BLOCKS</key>
				<string>YES</string>
				<key>GCC_WARN_64_TO_32_BIT_CONVERSION</key>
				<string>YES</string>
				<key>GCC_WARN_ABOUT_RETURN_TYPE</key>
				<string>YES_ERROR</string>
				<key>GCC_WARN_UNDECLARED_SELECTOR</key>
				<string>YES</string>
				<key>GCC_WARN_UNINITIALIZED_AUTOS</key>
				<string>YES_AGGRESSIVE</string>
				<key>GCC_WARN_UNUSED_FUNCTION</key>
				<string>YES</string>
				<key>GCC_WARN_UNUSED_VARIABLE</key>
				<string>YES</string>
				<key>IPHONEOS_DEPLOYMENT_TARGET</key>
				<string>10.1</string>
				<key>MTL_ENABLE_DEBUG_INFO</key>
				<string>NO</string>
				<key>SDKROOT</key>
				<string>iphoneos</string>
				<key>SWIFT_OPTIMIZATION_LEVEL</key>
				<string>-Owholemodule</string>
				<key>TARGETED_DEVICE_FAMILY</key>
				<string>1,2</string>
				<key>VALIDATE_PRODUCT</key>
				<string>YES</string>
			</dict>
			<key>isa</key>
			<string>XCBuildConfiguration</string>
			<key>name</key>
			<string>Release</string>
		</dict>
		<key>386C2B931DFE342600F15658</key>
		<dict>
			<key>buildConfigurations</key>
			<array>
				<string>386C2B941DFE342600F15658</string>
				<string>386C2B951DFE342600F15658</string>
			</array>
			<key>defaultConfigurationIsVisible</key>
			<string>0</string>
			<key>defaultConfigurationName</key>
			<string>Release</string>
			<key>isa</key>
			<string>XCConfigurationList</string>
		</dict>
		<key>386C2B941DFE342600F15658</key>
		<dict>
			<key>baseConfigurationReference</key>
			<string>D8158729A37F852D16F2F22B</string>
			<key>buildSettings</key>
			<dict>
				<key>ASSETCATALOG_COMPILER_APPICON_NAME</key>
				<string>AppIcon</string>
				<key>CODE_SIGN_IDENTITY[sdk=iphoneos*]</key>
				<string>iPhone Developer</string>
				<key>DEVELOPMENT_TEAM</key>
				<string>JTE4SBMYPN</string>
				<key>INFOPLIST_FILE</key>
				<string>Ordinem_iOS/Info.plist</string>
				<key>IPHONEOS_DEPLOYMENT_TARGET</key>
				<string>8.0</string>
				<key>LD_RUNPATH_SEARCH_PATHS</key>
				<string>$(inherited) @executable_path/Frameworks</string>
				<key>PRODUCT_BUNDLE_IDENTIFIER</key>
				<string>com.Ordinem.Ordinem-iOS</string>
				<key>PRODUCT_NAME</key>
				<string>$(TARGET_NAME)</string>
				<key>PROVISIONING_PROFILE</key>
				<string>49addaff-0b5e-47c7-b780-554dc007226d</string>
				<key>PROVISIONING_PROFILE_SPECIFIER</key>
				<string>Ordinem</string>
				<key>SWIFT_VERSION</key>
				<string>3.0</string>
			</dict>
			<key>isa</key>
			<string>XCBuildConfiguration</string>
			<key>name</key>
			<string>Debug</string>
		</dict>
		<key>386C2B951DFE342600F15658</key>
		<dict>
			<key>baseConfigurationReference</key>
			<string>2E747F188CC80A63C5BD9C3D</string>
			<key>buildSettings</key>
			<dict>
				<key>ASSETCATALOG_COMPILER_APPICON_NAME</key>
				<string>AppIcon</string>
				<key>CODE_SIGN_IDENTITY[sdk=iphoneos*]</key>
				<string>iPhone Developer</string>
				<key>DEVELOPMENT_TEAM</key>
				<string></string>
				<key>INFOPLIST_FILE</key>
				<string>Ordinem_iOS/Info.plist</string>
				<key>IPHONEOS_DEPLOYMENT_TARGET</key>
				<string>8.0</string>
				<key>LD_RUNPATH_SEARCH_PATHS</key>
				<string>$(inherited) @executable_path/Frameworks</string>
				<key>PRODUCT_BUNDLE_IDENTIFIER</key>
				<string>com.Ordinem.Ordinem-iOS</string>
				<key>PRODUCT_NAME</key>
				<string>$(TARGET_NAME)</string>
				<key>PROVISIONING_PROFILE</key>
				<string></string>
				<key>PROVISIONING_PROFILE_SPECIFIER</key>
				<string></string>
				<key>SWIFT_VERSION</key>
				<string>3.0</string>
			</dict>
			<key>isa</key>
			<string>XCBuildConfiguration</string>
			<key>name</key>
			<string>Release</string>
		</dict>
		<key>386C2B961DFE342600F15658</key>
		<dict>
			<key>buildConfigurations</key>
			<array>
				<string>386C2B971DFE342600F15658</string>
				<string>386C2B981DFE342600F15658</string>
			</array>
			<key>defaultConfigurationIsVisible</key>
			<string>0</string>
			<key>defaultConfigurationName</key>
			<string>Release</string>
			<key>isa</key>
			<string>XCConfigurationList</string>
		</dict>
		<key>386C2B971DFE342600F15658</key>
		<dict>
			<key>baseConfigurationReference</key>
			<string>2B6FE5E1754F995E8CD83925</string>
			<key>buildSettings</key>
			<dict>
				<key>ALWAYS_EMBED_SWIFT_STANDARD_LIBRARIES</key>
				<string>YES</string>
				<key>BUNDLE_LOADER</key>
				<string>$(TEST_HOST)</string>
				<key>DEVELOPMENT_TEAM</key>
				<string>V5256P9TCJ</string>
				<key>INFOPLIST_FILE</key>
				<string>Ordinem_iOSTests/Info.plist</string>
				<key>LD_RUNPATH_SEARCH_PATHS</key>
				<string>$(inherited) @executable_path/Frameworks @loader_path/Frameworks</string>
				<key>PRODUCT_BUNDLE_IDENTIFIER</key>
				<string>com.Ordinem.Ordinem-iOSTests</string>
				<key>PRODUCT_NAME</key>
				<string>$(TARGET_NAME)</string>
				<key>SWIFT_VERSION</key>
				<string>3.0</string>
				<key>TEST_HOST</key>
				<string>$(BUILT_PRODUCTS_DIR)/Ordinem_iOS.app/Ordinem_iOS</string>
			</dict>
			<key>isa</key>
			<string>XCBuildConfiguration</string>
			<key>name</key>
			<string>Debug</string>
		</dict>
		<key>386C2B981DFE342600F15658</key>
		<dict>
			<key>baseConfigurationReference</key>
			<string>D3D23569DD687590E9C5E31B</string>
			<key>buildSettings</key>
			<dict>
				<key>ALWAYS_EMBED_SWIFT_STANDARD_LIBRARIES</key>
				<string>YES</string>
				<key>BUNDLE_LOADER</key>
				<string>$(TEST_HOST)</string>
				<key>DEVELOPMENT_TEAM</key>
				<string>V5256P9TCJ</string>
				<key>INFOPLIST_FILE</key>
				<string>Ordinem_iOSTests/Info.plist</string>
				<key>LD_RUNPATH_SEARCH_PATHS</key>
				<string>$(inherited) @executable_path/Frameworks @loader_path/Frameworks</string>
				<key>PRODUCT_BUNDLE_IDENTIFIER</key>
				<string>com.Ordinem.Ordinem-iOSTests</string>
				<key>PRODUCT_NAME</key>
				<string>$(TARGET_NAME)</string>
				<key>SWIFT_VERSION</key>
				<string>3.0</string>
				<key>TEST_HOST</key>
				<string>$(BUILT_PRODUCTS_DIR)/Ordinem_iOS.app/Ordinem_iOS</string>
			</dict>
			<key>isa</key>
			<string>XCBuildConfiguration</string>
			<key>name</key>
			<string>Release</string>
		</dict>
		<key>386C2B991DFE342600F15658</key>
		<dict>
			<key>buildConfigurations</key>
			<array>
				<string>386C2B9A1DFE342600F15658</string>
				<string>386C2B9B1DFE342600F15658</string>
			</array>
			<key>defaultConfigurationIsVisible</key>
			<string>0</string>
			<key>defaultConfigurationName</key>
			<string>Release</string>
			<key>isa</key>
			<string>XCConfigurationList</string>
		</dict>
		<key>386C2B9A1DFE342600F15658</key>
		<dict>
			<key>baseConfigurationReference</key>
			<string>10EE0C736EC074AE640D49E9</string>
			<key>buildSettings</key>
			<dict>
				<key>ALWAYS_EMBED_SWIFT_STANDARD_LIBRARIES</key>
				<string>YES</string>
				<key>DEVELOPMENT_TEAM</key>
				<string>V5256P9TCJ</string>
				<key>INFOPLIST_FILE</key>
				<string>Ordinem_iOSUITests/Info.plist</string>
				<key>LD_RUNPATH_SEARCH_PATHS</key>
				<string>$(inherited) @executable_path/Frameworks @loader_path/Frameworks</string>
				<key>PRODUCT_BUNDLE_IDENTIFIER</key>
				<string>com.Ordinem.Ordinem-iOSUITests</string>
				<key>PRODUCT_NAME</key>
				<string>$(TARGET_NAME)</string>
				<key>SWIFT_VERSION</key>
				<string>3.0</string>
				<key>TEST_TARGET_NAME</key>
				<string>Ordinem_iOS</string>
			</dict>
			<key>isa</key>
			<string>XCBuildConfiguration</string>
			<key>name</key>
			<string>Debug</string>
		</dict>
		<key>386C2B9B1DFE342600F15658</key>
		<dict>
			<key>baseConfigurationReference</key>
			<string>340937569364D3D1BD538C32</string>
			<key>buildSettings</key>
			<dict>
				<key>ALWAYS_EMBED_SWIFT_STANDARD_LIBRARIES</key>
				<string>YES</string>
				<key>DEVELOPMENT_TEAM</key>
				<string>V5256P9TCJ</string>
				<key>INFOPLIST_FILE</key>
				<string>Ordinem_iOSUITests/Info.plist</string>
				<key>LD_RUNPATH_SEARCH_PATHS</key>
				<string>$(inherited) @executable_path/Frameworks @loader_path/Frameworks</string>
				<key>PRODUCT_BUNDLE_IDENTIFIER</key>
				<string>com.Ordinem.Ordinem-iOSUITests</string>
				<key>PRODUCT_NAME</key>
				<string>$(TARGET_NAME)</string>
				<key>SWIFT_VERSION</key>
				<string>3.0</string>
				<key>TEST_TARGET_NAME</key>
				<string>Ordinem_iOS</string>
			</dict>
			<key>isa</key>
			<string>XCBuildConfiguration</string>
			<key>name</key>
			<string>Release</string>
		</dict>
		<key>386C2B9C1DFE64C200F15658</key>
		<dict>
			<key>isa</key>
			<string>PBXFileReference</string>
			<key>lastKnownFileType</key>
			<string>image.png</string>
			<key>name</key>
			<string>OrdinemLogo.png</string>
			<key>path</key>
			<string>../OrdinemLogo.png</string>
			<key>sourceTree</key>
			<string>&lt;group&gt;</string>
		</dict>
		<key>386C2B9D1DFE64C200F15658</key>
		<dict>
			<key>fileRef</key>
			<string>386C2B9C1DFE64C200F15658</string>
			<key>isa</key>
			<string>PBXBuildFile</string>
		</dict>
		<key>386C2B9E1DFE64D300F15658</key>
		<dict>
			<key>isa</key>
			<string>PBXFileReference</string>
			<key>lastKnownFileType</key>
			<string>image.png</string>
			<key>name</key>
			<string>OrdinemLogo_white.png</string>
			<key>path</key>
			<string>../OrdinemLogo_white.png</string>
			<key>sourceTree</key>
			<string>&lt;group&gt;</string>
		</dict>
		<key>386C2B9F1DFE64D300F15658</key>
		<dict>
			<key>fileRef</key>
			<string>386C2B9E1DFE64D300F15658</string>
			<key>isa</key>
			<string>PBXBuildFile</string>
		</dict>
		<key>386C2BA01DFE64DD00F15658</key>
		<dict>
			<key>isa</key>
			<string>PBXFileReference</string>
			<key>lastKnownFileType</key>
			<string>image.png</string>
			<key>name</key>
			<string>OrdinemLogoLong_White.png</string>
			<key>path</key>
			<string>../OrdinemLogoLong_White.png</string>
			<key>sourceTree</key>
			<string>&lt;group&gt;</string>
		</dict>
		<key>386C2BA11DFE64DD00F15658</key>
		<dict>
			<key>fileRef</key>
			<string>386C2BA01DFE64DD00F15658</string>
			<key>isa</key>
			<string>PBXBuildFile</string>
		</dict>
		<key>386C2BA21DFE64E300F15658</key>
		<dict>
			<key>isa</key>
			<string>PBXFileReference</string>
			<key>lastKnownFileType</key>
			<string>image.png</string>
			<key>name</key>
			<string>OrdinemLogoLong.png</string>
			<key>path</key>
			<string>../OrdinemLogoLong.png</string>
			<key>sourceTree</key>
			<string>&lt;group&gt;</string>
		</dict>
		<key>386C2BA31DFE64E300F15658</key>
		<dict>
			<key>fileRef</key>
			<string>386C2BA21DFE64E300F15658</string>
			<key>isa</key>
			<string>PBXBuildFile</string>
		</dict>
		<key>386C2BA41DFE651800F15658</key>
		<dict>
			<key>isa</key>
			<string>PBXFileReference</string>
			<key>lastKnownFileType</key>
			<string>image.png</string>
			<key>name</key>
			<string>GUI_Background.png</string>
			<key>path</key>
			<string>../GUI_Background.png</string>
			<key>sourceTree</key>
			<string>&lt;group&gt;</string>
		</dict>
		<key>386C2BA51DFE651800F15658</key>
		<dict>
			<key>fileRef</key>
			<string>386C2BA41DFE651800F15658</string>
			<key>isa</key>
			<string>PBXBuildFile</string>
		</dict>
		<key>386C2BA61DFE6A1F00F15658</key>
		<dict>
			<key>isa</key>
			<string>PBXFileReference</string>
			<key>lastKnownFileType</key>
			<string>image.png</string>
			<key>name</key>
			<string>OrdinemChapmanLogo.png</string>
			<key>path</key>
			<string>../OrdinemChapmanLogo.png</string>
			<key>sourceTree</key>
			<string>&lt;group&gt;</string>
		</dict>
		<key>386C2BA71DFE6A1F00F15658</key>
		<dict>
			<key>fileRef</key>
			<string>386C2BA61DFE6A1F00F15658</string>
			<key>isa</key>
			<string>PBXBuildFile</string>
		</dict>
		<key>386C2BA81DFE6AFF00F15658</key>
		<dict>
			<key>isa</key>
			<string>PBXFileReference</string>
			<key>lastKnownFileType</key>
			<string>file</string>
			<key>name</key>
			<string>LemonMilk.otf</string>
			<key>path</key>
			<string>../LemonMilk.otf</string>
			<key>sourceTree</key>
			<string>&lt;group&gt;</string>
		</dict>
		<key>386C2BA91DFE6B3A00F15658</key>
		<dict>
			<key>fileRef</key>
			<string>386C2BA81DFE6AFF00F15658</string>
			<key>isa</key>
			<string>PBXBuildFile</string>
		</dict>
		<key>386C2BAA1DFE6F0500F15658</key>
		<dict>
			<key>isa</key>
			<string>PBXFileReference</string>
			<key>lastKnownFileType</key>
			<string>image.png</string>
			<key>name</key>
			<string>textBox.png</string>
			<key>path</key>
			<string>../textBox.png</string>
			<key>sourceTree</key>
			<string>&lt;group&gt;</string>
		</dict>
		<key>386C2BAB1DFE6F0500F15658</key>
		<dict>
			<key>fileRef</key>
			<string>386C2BAA1DFE6F0500F15658</string>
			<key>isa</key>
			<string>PBXBuildFile</string>
		</dict>
		<key>386C2BAC1DFE782E00F15658</key>
		<dict>
			<key>fileEncoding</key>
			<string>4</string>
			<key>isa</key>
			<string>PBXFileReference</string>
			<key>lastKnownFileType</key>
			<string>sourcecode.swift</string>
			<key>path</key>
			<string>DatabaseConnector.swift</string>
			<key>sourceTree</key>
			<string>&lt;group&gt;</string>
		</dict>
		<key>386C2BAD1DFE782E00F15658</key>
		<dict>
			<key>fileRef</key>
			<string>386C2BAC1DFE782E00F15658</string>
			<key>isa</key>
			<string>PBXBuildFile</string>
		</dict>
		<key>386C2BAE1DFE9BEA00F15658</key>
		<dict>
			<key>fileEncoding</key>
			<string>4</string>
			<key>isa</key>
			<string>PBXFileReference</string>
			<key>lastKnownFileType</key>
			<string>sourcecode.swift</string>
			<key>path</key>
			<string>HomeView.swift</string>
			<key>sourceTree</key>
			<string>&lt;group&gt;</string>
		</dict>
		<key>386C2BAF1DFE9BEA00F15658</key>
		<dict>
			<key>fileRef</key>
			<string>386C2BAE1DFE9BEA00F15658</string>
			<key>isa</key>
			<string>PBXBuildFile</string>
		</dict>
		<key>386C2BB01DFEA43800F15658</key>
		<dict>
			<key>fileEncoding</key>
			<string>4</string>
			<key>isa</key>
			<string>PBXFileReference</string>
			<key>lastKnownFileType</key>
			<string>sourcecode.swift</string>
			<key>path</key>
			<string>EventCell.swift</string>
			<key>sourceTree</key>
			<string>&lt;group&gt;</string>
		</dict>
		<key>386C2BB11DFEA43800F15658</key>
		<dict>
			<key>fileRef</key>
			<string>386C2BB01DFEA43800F15658</string>
			<key>isa</key>
			<string>PBXBuildFile</string>
		</dict>
		<key>386C2BB41DFF07D800F15658</key>
		<dict>
			<key>fileEncoding</key>
			<string>4</string>
			<key>isa</key>
			<string>PBXFileReference</string>
			<key>lastKnownFileType</key>
			<string>sourcecode.swift</string>
			<key>path</key>
			<string>AutoLoginView.swift</string>
			<key>sourceTree</key>
			<string>&lt;group&gt;</string>
		</dict>
		<key>386C2BB51DFF07D800F15658</key>
		<dict>
			<key>fileRef</key>
			<string>386C2BB41DFF07D800F15658</string>
			<key>isa</key>
			<string>PBXBuildFile</string>
		</dict>
		<key>386DB3ED1E28785E00F8FF7D</key>
		<dict>
			<key>isa</key>
			<string>PBXFileReference</string>
			<key>lastKnownFileType</key>
			<string>image.png</string>
			<key>name</key>
			<string>yesRSVP.png</string>
			<key>path</key>
			<string>../yesRSVP.png</string>
			<key>sourceTree</key>
			<string>&lt;group&gt;</string>
		</dict>
		<key>386DB3EF1E28785E00F8FF7D</key>
		<dict>
			<key>fileRef</key>
			<string>386DB3ED1E28785E00F8FF7D</string>
			<key>isa</key>
			<string>PBXBuildFile</string>
		</dict>
		<key>386DB3F01E28791300F8FF7D</key>
		<dict>
			<key>isa</key>
			<string>PBXFileReference</string>
			<key>lastKnownFileType</key>
			<string>image.png</string>
			<key>name</key>
			<string>noRSVP.png</string>
			<key>path</key>
			<string>../noRSVP.png</string>
			<key>sourceTree</key>
			<string>&lt;group&gt;</string>
		</dict>
		<key>386DB3F11E28791300F8FF7D</key>
		<dict>
			<key>fileRef</key>
			<string>386DB3F01E28791300F8FF7D</string>
			<key>isa</key>
			<string>PBXBuildFile</string>
		</dict>
		<key>38D2BACD1E30407500F78259</key>
		<dict>
			<key>fileEncoding</key>
			<string>4</string>
			<key>isa</key>
			<string>PBXFileReference</string>
			<key>lastKnownFileType</key>
			<string>sourcecode.swift</string>
			<key>path</key>
			<string>RewardView.swift</string>
			<key>sourceTree</key>
			<string>&lt;group&gt;</string>
		</dict>
		<key>38D2BACE1E30407500F78259</key>
		<dict>
			<key>fileRef</key>
			<string>38D2BACD1E30407500F78259</string>
			<key>isa</key>
			<string>PBXBuildFile</string>
		</dict>
		<key>38F0AB231E383E4C00AE7ECD</key>
		<dict>
			<key>fileEncoding</key>
			<string>4</string>
			<key>isa</key>
			<string>PBXFileReference</string>
			<key>lastKnownFileType</key>
			<string>text.plist.xml</string>
			<key>path</key>
			<string>GoogleService-Info.plist</string>
			<key>sourceTree</key>
			<string>&lt;group&gt;</string>
		</dict>
		<key>38F0AB241E383E4C00AE7ECD</key>
		<dict>
			<key>fileRef</key>
			<string>38F0AB231E383E4C00AE7ECD</string>
			<key>isa</key>
			<string>PBXBuildFile</string>
		</dict>
		<key>560833741854E35112A21050</key>
		<dict>
			<key>buildActionMask</key>
			<string>2147483647</string>
			<key>files</key>
			<array/>
			<key>inputPaths</key>
			<array/>
			<key>isa</key>
			<string>PBXShellScriptBuildPhase</string>
			<key>name</key>
			<string>[CP] Copy Pods Resources</string>
			<key>outputPaths</key>
			<array/>
			<key>runOnlyForDeploymentPostprocessing</key>
			<string>0</string>
			<key>shellPath</key>
			<string>/bin/sh</string>
			<key>shellScript</key>
			<string>"${SRCROOT}/Pods/Target Support Files/Pods-Ordinem_iOSTests/Pods-Ordinem_iOSTests-resources.sh"
</string>
			<key>showEnvVarsInLog</key>
			<string>0</string>
		</dict>
		<key>56F54734ED4BD227B7783D0E</key>
		<dict>
			<key>explicitFileType</key>
			<string>wrapper.framework</string>
			<key>includeInIndex</key>
			<string>0</string>
			<key>isa</key>
			<string>PBXFileReference</string>
			<key>path</key>
			<string>Pods_Ordinem_iOSUITests.framework</string>
			<key>sourceTree</key>
			<string>BUILT_PRODUCTS_DIR</string>
		</dict>
		<key>5BB231D67447603B05629AF2</key>
		<dict>
			<key>fileRef</key>
			<string>F8B8F523B39247267650ADC7</string>
			<key>isa</key>
			<string>PBXBuildFile</string>
		</dict>
		<key>7C3D8FA1FC32E67C89B6D69E</key>
		<dict>
			<key>buildActionMask</key>
			<string>2147483647</string>
			<key>files</key>
			<array/>
			<key>inputPaths</key>
			<array/>
			<key>isa</key>
			<string>PBXShellScriptBuildPhase</string>
			<key>name</key>
			<string>[CP] Embed Pods Frameworks</string>
			<key>outputPaths</key>
			<array/>
			<key>runOnlyForDeploymentPostprocessing</key>
			<string>0</string>
			<key>shellPath</key>
			<string>/bin/sh</string>
			<key>shellScript</key>
			<string>"${SRCROOT}/Pods/Target Support Files/Pods-Ordinem_iOS/Pods-Ordinem_iOS-frameworks.sh"
</string>
			<key>showEnvVarsInLog</key>
			<string>0</string>
		</dict>
		<key>98F474418C0A366B498725B7</key>
		<dict>
			<key>children</key>
			<array>
				<string>D8158729A37F852D16F2F22B</string>
				<string>2E747F188CC80A63C5BD9C3D</string>
				<string>2B6FE5E1754F995E8CD83925</string>
				<string>D3D23569DD687590E9C5E31B</string>
				<string>10EE0C736EC074AE640D49E9</string>
				<string>340937569364D3D1BD538C32</string>
			</array>
			<key>isa</key>
			<string>PBXGroup</string>
			<key>name</key>
			<string>Pods</string>
			<key>sourceTree</key>
			<string>&lt;group&gt;</string>
		</dict>
		<key>D19AFA5E3C9032A85020663A</key>
		<dict>
			<key>buildActionMask</key>
			<string>2147483647</string>
			<key>files</key>
			<array/>
			<key>inputPaths</key>
			<array/>
			<key>isa</key>
			<string>PBXShellScriptBuildPhase</string>
			<key>name</key>
			<string>[CP] Copy Pods Resources</string>
			<key>outputPaths</key>
			<array/>
			<key>runOnlyForDeploymentPostprocessing</key>
			<string>0</string>
			<key>shellPath</key>
			<string>/bin/sh</string>
			<key>shellScript</key>
			<string>"${SRCROOT}/Pods/Target Support Files/Pods-Ordinem_iOSUITests/Pods-Ordinem_iOSUITests-resources.sh"
</string>
			<key>showEnvVarsInLog</key>
			<string>0</string>
		</dict>
		<key>D1D2D99AF6AAEAC0F6D11C37</key>
		<dict>
			<key>fileRef</key>
			<string>DB1B1AD98A57A243D53E28E8</string>
			<key>isa</key>
			<string>PBXBuildFile</string>
		</dict>
		<key>D3D23569DD687590E9C5E31B</key>
		<dict>
			<key>includeInIndex</key>
			<string>1</string>
			<key>isa</key>
			<string>PBXFileReference</string>
			<key>lastKnownFileType</key>
			<string>text.xcconfig</string>
			<key>name</key>
			<string>Pods-Ordinem_iOSTests.release.xcconfig</string>
			<key>path</key>
			<string>Pods/Target Support Files/Pods-Ordinem_iOSTests/Pods-Ordinem_iOSTests.release.xcconfig</string>
			<key>sourceTree</key>
			<string>&lt;group&gt;</string>
		</dict>
		<key>D8158729A37F852D16F2F22B</key>
		<dict>
			<key>includeInIndex</key>
			<string>1</string>
			<key>isa</key>
			<string>PBXFileReference</string>
			<key>lastKnownFileType</key>
			<string>text.xcconfig</string>
			<key>name</key>
			<string>Pods-Ordinem_iOS.debug.xcconfig</string>
			<key>path</key>
			<string>Pods/Target Support Files/Pods-Ordinem_iOS/Pods-Ordinem_iOS.debug.xcconfig</string>
			<key>sourceTree</key>
			<string>&lt;group&gt;</string>
		</dict>
		<key>D8588E493B03D0AE2809C193</key>
		<dict>
			<key>children</key>
			<array>
				<string>DB1B1AD98A57A243D53E28E8</string>
				<string>F8B8F523B39247267650ADC7</string>
				<string>56F54734ED4BD227B7783D0E</string>
			</array>
			<key>isa</key>
			<string>PBXGroup</string>
			<key>name</key>
			<string>Frameworks</string>
			<key>sourceTree</key>
			<string>&lt;group&gt;</string>
		</dict>
		<key>DB1B1AD98A57A243D53E28E8</key>
		<dict>
			<key>explicitFileType</key>
			<string>wrapper.framework</string>
			<key>includeInIndex</key>
			<string>0</string>
			<key>isa</key>
			<string>PBXFileReference</string>
			<key>path</key>
			<string>Pods_Ordinem_iOS.framework</string>
			<key>sourceTree</key>
			<string>BUILT_PRODUCTS_DIR</string>
		</dict>
		<key>ED4D24669FC86448C8B6329F</key>
		<dict>
			<key>buildActionMask</key>
			<string>2147483647</string>
			<key>files</key>
			<array/>
			<key>inputPaths</key>
			<array/>
			<key>isa</key>
			<string>PBXShellScriptBuildPhase</string>
			<key>name</key>
			<string>[CP] Copy Pods Resources</string>
			<key>outputPaths</key>
			<array/>
			<key>runOnlyForDeploymentPostprocessing</key>
			<string>0</string>
			<key>shellPath</key>
			<string>/bin/sh</string>
			<key>shellScript</key>
			<string>"${SRCROOT}/Pods/Target Support Files/Pods-Ordinem_iOS/Pods-Ordinem_iOS-resources.sh"
</string>
			<key>showEnvVarsInLog</key>
			<string>0</string>
		</dict>
		<key>F1C25914E026362A5BCC7B57</key>
		<dict>
			<key>buildActionMask</key>
			<string>2147483647</string>
			<key>files</key>
			<array/>
			<key>inputPaths</key>
			<array/>
			<key>isa</key>
			<string>PBXShellScriptBuildPhase</string>
			<key>name</key>
			<string>[CP] Check Pods Manifest.lock</string>
			<key>outputPaths</key>
			<array/>
			<key>runOnlyForDeploymentPostprocessing</key>
			<string>0</string>
			<key>shellPath</key>
			<string>/bin/sh</string>
			<key>shellScript</key>
			<string>diff "${PODS_ROOT}/../Podfile.lock" "${PODS_ROOT}/Manifest.lock" &gt; /dev/null
if [[ $? != 0 ]] ; then
    cat &lt;&lt; EOM
error: The sandbox is not in sync with the Podfile.lock. Run 'pod install' or update your CocoaPods installation.
EOM
    exit 1
fi
</string>
			<key>showEnvVarsInLog</key>
			<string>0</string>
		</dict>
		<key>F25556D23FD766A7E713A212</key>
		<dict>
			<key>buildActionMask</key>
			<string>2147483647</string>
			<key>files</key>
			<array/>
			<key>inputPaths</key>
			<array/>
			<key>isa</key>
			<string>PBXShellScriptBuildPhase</string>
			<key>name</key>
			<string>[CP] Embed Pods Frameworks</string>
			<key>outputPaths</key>
			<array/>
			<key>runOnlyForDeploymentPostprocessing</key>
			<string>0</string>
			<key>shellPath</key>
			<string>/bin/sh</string>
			<key>shellScript</key>
			<string>"${SRCROOT}/Pods/Target Support Files/Pods-Ordinem_iOSTests/Pods-Ordinem_iOSTests-frameworks.sh"
</string>
			<key>showEnvVarsInLog</key>
			<string>0</string>
		</dict>
		<key>F8B8F523B39247267650ADC7</key>
		<dict>
			<key>explicitFileType</key>
			<string>wrapper.framework</string>
			<key>includeInIndex</key>
			<string>0</string>
			<key>isa</key>
			<string>PBXFileReference</string>
			<key>path</key>
			<string>Pods_Ordinem_iOSTests.framework</string>
			<key>sourceTree</key>
			<string>BUILT_PRODUCTS_DIR</string>
		</dict>
		<key>FE30145BC65875A49FD52CFF</key>
		<dict>
			<key>fileRef</key>
			<string>56F54734ED4BD227B7783D0E</string>
			<key>isa</key>
			<string>PBXBuildFile</string>
		</dict>
	</dict>
	<key>rootObject</key>
	<string>386C2B631DFE342600F15658</string>
</dict>
</plist>
